
Microsoft Visual Studio Solution File, Format Version 12.00
# Visual Studio Version 16
VisualStudioVersion = 16.0.31205.134
MinimumVisualStudioVersion = 10.0.40219.1
Project("{2150E333-8FDC-42A3-9474-1A3956D46DE8}") = "UI", "UI", "{E802C0E6-81E1-472F-92E1-467CCBFE3DA5}"
EndProject
Project("{2150E333-8FDC-42A3-9474-1A3956D46DE8}") = "BLL", "BLL", "{251FC51A-E04E-4615-B3BC-C27CEC1F0060}"
EndProject
Project("{2150E333-8FDC-42A3-9474-1A3956D46DE8}") = "SRV", "SRV", "{6AB17BDB-4201-498F-8008-6A1A3B76990C}"
EndProject
Project("{2150E333-8FDC-42A3-9474-1A3956D46DE8}") = "Global", "Global", "{64F6D17A-BA7A-49C3-9874-31D08CB2CF12}"
EndProject
Project("{FAE04EC0-301F-11D3-BF4B-00C04F79EFBC}") = "Entities", "BLL\Entities\Entities.csproj", "{11C6DEB5-A0DC-43AD-BB80-4F001012DC4D}"
EndProject
Project("{FAE04EC0-301F-11D3-BF4B-00C04F79EFBC}") = "Repositories", "BLL\Repositories\Repositories.csproj", "{43971FCA-66AA-464B-9DFA-77E8FF336897}"
EndProject
Project("{FAE04EC0-301F-11D3-BF4B-00C04F79EFBC}") = "ProdServices", "SRV\ProdServices\ProdServices.csproj", "{12DC35D1-6ED8-4223-8E06-0F8B5DB850CA}"
EndProject
Project("{FAE04EC0-301F-11D3-BF4B-00C04F79EFBC}") = "ViewModels", "SRV\ViewModels\ViewModels.csproj", "{8E822B0C-BC21-4726-BDAF-7D7B7F4402EA}"
EndProject
Project("{FAE04EC0-301F-11D3-BF4B-00C04F79EFBC}") = "SampleMVC", "UI\UI.SampleMVC\SampleMVC.csproj", "{B64D434C-9BCE-4BA9-8B04-C7168C0F22A1}"
EndProject
Project("{FAE04EC0-301F-11D3-BF4B-00C04F79EFBC}") = "Global", "Global\Global\Global.csproj", "{24DAFFD7-D213-405C-8277-175EFFE27CAC}"
EndProject
Project("{9A19103F-16F7-4668-BE54-9A1E7A4F7556}") = "RazorPages", "..\RazorPages\RazorPages\RazorPages.csproj", "{4029219E-B1A0-468D-95F7-C6C4E8B44D64}"
EndProject
Global
	GlobalSection(SolutionConfigurationPlatforms) = preSolution
		Debug|Any CPU = Debug|Any CPU
		Release|Any CPU = Release|Any CPU
	EndGlobalSection
	GlobalSection(ProjectConfigurationPlatforms) = postSolution
		{11C6DEB5-A0DC-43AD-BB80-4F001012DC4D}.Debug|Any CPU.ActiveCfg = Debug|Any CPU
		{11C6DEB5-A0DC-43AD-BB80-4F001012DC4D}.Debug|Any CPU.Build.0 = Debug|Any CPU
		{11C6DEB5-A0DC-43AD-BB80-4F001012DC4D}.Release|Any CPU.ActiveCfg = Release|Any CPU
		{11C6DEB5-A0DC-43AD-BB80-4F001012DC4D}.Release|Any CPU.Build.0 = Release|Any CPU
		{43971FCA-66AA-464B-9DFA-77E8FF336897}.Debug|Any CPU.ActiveCfg = Debug|Any CPU
		{43971FCA-66AA-464B-9DFA-77E8FF336897}.Debug|Any CPU.Build.0 = Debug|Any CPU
		{43971FCA-66AA-464B-9DFA-77E8FF336897}.Release|Any CPU.ActiveCfg = Release|Any CPU
		{43971FCA-66AA-464B-9DFA-77E8FF336897}.Release|Any CPU.Build.0 = Release|Any CPU
		{12DC35D1-6ED8-4223-8E06-0F8B5DB850CA}.Debug|Any CPU.ActiveCfg = Debug|Any CPU
		{12DC35D1-6ED8-4223-8E06-0F8B5DB850CA}.Debug|Any CPU.Build.0 = Debug|Any CPU
		{12DC35D1-6ED8-4223-8E06-0F8B5DB850CA}.Release|Any CPU.ActiveCfg = Release|Any CPU
		{12DC35D1-6ED8-4223-8E06-0F8B5DB850CA}.Release|Any CPU.Build.0 = Release|Any CPU
		{8E822B0C-BC21-4726-BDAF-7D7B7F4402EA}.Debug|Any CPU.ActiveCfg = Debug|Any CPU
		{8E822B0C-BC21-4726-BDAF-7D7B7F4402EA}.Debug|Any CPU.Build.0 = Debug|Any CPU
		{8E822B0C-BC21-4726-BDAF-7D7B7F4402EA}.Release|Any CPU.ActiveCfg = Release|Any CPU
		{8E822B0C-BC21-4726-BDAF-7D7B7F4402EA}.Release|Any CPU.Build.0 = Release|Any CPU
		{B64D434C-9BCE-4BA9-8B04-C7168C0F22A1}.Debug|Any CPU.ActiveCfg = Debug|Any CPU
		{B64D434C-9BCE-4BA9-8B04-C7168C0F22A1}.Debug|Any CPU.Build.0 = Debug|Any CPU
		{B64D434C-9BCE-4BA9-8B04-C7168C0F22A1}.Release|Any CPU.ActiveCfg = Release|Any CPU
		{B64D434C-9BCE-4BA9-8B04-C7168C0F22A1}.Release|Any CPU.Build.0 = Release|Any CPU
		{24DAFFD7-D213-405C-8277-175EFFE27CAC}.Debug|Any CPU.ActiveCfg = Debug|Any CPU
		{24DAFFD7-D213-405C-8277-175EFFE27CAC}.Debug|Any CPU.Build.0 = Debug|Any CPU
		{24DAFFD7-D213-405C-8277-175EFFE27CAC}.Release|Any CPU.ActiveCfg = Release|Any CPU
		{24DAFFD7-D213-405C-8277-175EFFE27CAC}.Release|Any CPU.Build.0 = Release|Any CPU
		{4029219E-B1A0-468D-95F7-C6C4E8B44D64}.Debug|Any CPU.ActiveCfg = Debug|Any CPU
		{4029219E-B1A0-468D-95F7-C6C4E8B44D64}.Debug|Any CPU.Build.0 = Debug|Any CPU
		{4029219E-B1A0-468D-95F7-C6C4E8B44D64}.Release|Any CPU.ActiveCfg = Release|Any CPU
		{4029219E-B1A0-468D-95F7-C6C4E8B44D64}.Release|Any CPU.Build.0 = Release|Any CPU
	EndGlobalSection
	GlobalSection(SolutionProperties) = preSolution
		HideSolutionNode = FALSE
	EndGlobalSection
	GlobalSection(NestedProjects) = preSolution
		{11C6DEB5-A0DC-43AD-BB80-4F001012DC4D} = {251FC51A-E04E-4615-B3BC-C27CEC1F0060}
		{43971FCA-66AA-464B-9DFA-77E8FF336897} = {251FC51A-E04E-4615-B3BC-C27CEC1F0060}
		{12DC35D1-6ED8-4223-8E06-0F8B5DB850CA} = {6AB17BDB-4201-498F-8008-6A1A3B76990C}
		{8E822B0C-BC21-4726-BDAF-7D7B7F4402EA} = {6AB17BDB-4201-498F-8008-6A1A3B76990C}
		{B64D434C-9BCE-4BA9-8B04-C7168C0F22A1} = {E802C0E6-81E1-472F-92E1-467CCBFE3DA5}
		{24DAFFD7-D213-405C-8277-175EFFE27CAC} = {64F6D17A-BA7A-49C3-9874-31D08CB2CF12}
	EndGlobalSection
	GlobalSection(ExtensibilityGlobals) = postSolution
		SolutionGuid = {9E196D6F-359D-47CF-8DFD-F2D8DCFF5D07}
	EndGlobalSection
EndGlobal
